<?xml version="1.0" encoding="utf-8"?>
<Project ToolsVersion="4.0" xmlns="http://schemas.microsoft.com/developer/msbuild/2003">
  <ItemGroup>
    <ClCompile Include="CVE.cpp" />
    <ClCompile Include="stdafx.cpp" />
  </ItemGroup>
  <ItemGroup>
    <ClInclude Include="stdafx.h" />
    <ClInclude Include="targetver.h" />
    <ClInclude Include="core\aligned_allocator.h">
      <Filter>core</Filter>
    </ClInclude>
    <ClInclude Include="core\allocator.h">
      <Filter>core</Filter>
    </ClInclude>
    <ClInclude Include="core\definition.h">
      <Filter>core</Filter>
    </ClInclude>
    <ClInclude Include="core\error.h">
      <Filter>core</Filter>
    </ClInclude>
    <ClInclude Include="core\instruction.h">
      <Filter>core</Filter>
    </ClInclude>
    <ClInclude Include="core\rb_tree.h">
      <Filter>core</Filter>
    </ClInclude>
    <ClInclude Include="core\tree.h">
      <Filter>core</Filter>
    </ClInclude>
    <ClInclude Include="core\sample_allocator.h">
      <Filter>core</Filter>
    </ClInclude>
    <ClInclude Include="core\scalar.h">
      <Filter>core</Filter>
    </ClInclude>
    <ClInclude Include="core\uninitialized.h">
      <Filter>core</Filter>
    </ClInclude>
    <ClInclude Include="core\vector.h">
      <Filter>core</Filter>
    </ClInclude>
    <ClInclude Include="core\matrix.h">
      <Filter>core</Filter>
    </ClInclude>
    <ClInclude Include="core\tensor.h">
      <Filter>core</Filter>
    </ClInclude>
    <ClInclude Include="core\cpu\kernel\kernel_convert_double.h">
      <Filter>core\cpu\kernel</Filter>
    </ClInclude>
    <ClInclude Include="core\cpu\kernel\kernel_convert_float.h">
      <Filter>core\cpu\kernel</Filter>
    </ClInclude>
    <ClInclude Include="core\cpu\kernel\kernel_convert_int8.h">
      <Filter>core\cpu\kernel</Filter>
    </ClInclude>
    <ClInclude Include="core\cpu\kernel\kernel_convert_int16.h">
      <Filter>core\cpu\kernel</Filter>
    </ClInclude>
    <ClInclude Include="core\cpu\kernel\kernel_convert_int32.h">
      <Filter>core\cpu\kernel</Filter>
    </ClInclude>
    <ClInclude Include="core\cpu\kernel\kernel_convert_uint8.h">
      <Filter>core\cpu\kernel</Filter>
    </ClInclude>
    <ClInclude Include="core\cpu\kernel\kernel_convert_uint16.h">
      <Filter>core\cpu\kernel</Filter>
    </ClInclude>
    <ClInclude Include="core\cpu\kernel\kernel_convert_uint32.h">
      <Filter>core\cpu\kernel</Filter>
    </ClInclude>
    <ClInclude Include="core\cpu\kernel\kernel_convert_scale_float.h">
      <Filter>core\cpu\kernel</Filter>
    </ClInclude>
    <ClInclude Include="core\cpu\kernel\kernel_convert_scale_double.h">
      <Filter>core\cpu\kernel</Filter>
    </ClInclude>
    <ClInclude Include="core\cpu\kernel\kernel_reduce_col_max.h">
      <Filter>core\cpu\kernel</Filter>
    </ClInclude>
    <ClInclude Include="core\cpu\kernel\kernel_reduce_col_min.h">
      <Filter>core\cpu\kernel</Filter>
    </ClInclude>
    <ClInclude Include="core\cpu\kernel\kernel_reduce_col_sum.h">
      <Filter>core\cpu\kernel</Filter>
    </ClInclude>
    <ClInclude Include="core\cpu\kernel\kernel_reduce_row_max.h">
      <Filter>core\cpu\kernel</Filter>
    </ClInclude>
    <ClInclude Include="core\cpu\kernel\kernel_reduce_row_min.h">
      <Filter>core\cpu\kernel</Filter>
    </ClInclude>
    <ClInclude Include="core\cpu\kernel\kernel_reduce_row_sum.h">
      <Filter>core\cpu\kernel</Filter>
    </ClInclude>
    <ClInclude Include="core\cpu\kernel\kernel_transpose.h">
      <Filter>core\cpu\kernel</Filter>
    </ClInclude>
    <ClInclude Include="core\cpu\kernel\kernel_multiply.h">
      <Filter>core\cpu\kernel</Filter>
    </ClInclude>
    <ClInclude Include="ann\sample_base.h">
      <Filter>ann</Filter>
    </ClInclude>
    <ClInclude Include="ann\mnist_data.h">
      <Filter>ann</Filter>
    </ClInclude>
    <ClInclude Include="ann\mnist.h">
      <Filter>ann</Filter>
    </ClInclude>
    <ClInclude Include="image\bitmap.h">
      <Filter>image</Filter>
    </ClInclude>
    <ClInclude Include="core\cpu\cpu_convert.h">
      <Filter>core\cpu</Filter>
    </ClInclude>
    <ClInclude Include="core\cpu\cpu_convert_double.h">
      <Filter>core\cpu</Filter>
    </ClInclude>
    <ClInclude Include="core\cpu\cpu_convert_float.h">
      <Filter>core\cpu</Filter>
    </ClInclude>
    <ClInclude Include="core\cpu\cpu_convert_int8.h">
      <Filter>core\cpu</Filter>
    </ClInclude>
    <ClInclude Include="core\cpu\cpu_convert_int16.h">
      <Filter>core\cpu</Filter>
    </ClInclude>
    <ClInclude Include="core\cpu\cpu_convert_int32.h">
      <Filter>core\cpu</Filter>
    </ClInclude>
    <ClInclude Include="core\cpu\cpu_convert_scale.h">
      <Filter>core\cpu</Filter>
    </ClInclude>
    <ClInclude Include="core\cpu\cpu_convert_scale_double.h">
      <Filter>core\cpu</Filter>
    </ClInclude>
    <ClInclude Include="core\cpu\cpu_convert_scale_float.h">
      <Filter>core\cpu</Filter>
    </ClInclude>
    <ClInclude Include="core\cpu\cpu_convert_uint8.h">
      <Filter>core\cpu</Filter>
    </ClInclude>
    <ClInclude Include="core\cpu\cpu_convert_uint16.h">
      <Filter>core\cpu</Filter>
    </ClInclude>
    <ClInclude Include="core\cpu\cpu_convert_uint32.h">
      <Filter>core\cpu</Filter>
    </ClInclude>
    <ClInclude Include="core\cpu\cpu_get_element.h">
      <Filter>core\cpu</Filter>
    </ClInclude>
    <ClInclude Include="core\cpu\cpu_reduce.h">
      <Filter>core\cpu</Filter>
    </ClInclude>
    <ClInclude Include="core\cpu\cpu_reduce_col_max.h">
      <Filter>core\cpu</Filter>
    </ClInclude>
    <ClInclude Include="core\cpu\cpu_reduce_col_min.h">
      <Filter>core\cpu</Filter>
    </ClInclude>
    <ClInclude Include="core\cpu\cpu_reduce_col_sum.h">
      <Filter>core\cpu</Filter>
    </ClInclude>
    <ClInclude Include="core\cpu\cpu_reduce_row_max.h">
      <Filter>core\cpu</Filter>
    </ClInclude>
    <ClInclude Include="core\cpu\cpu_reduce_row_min.h">
      <Filter>core\cpu</Filter>
    </ClInclude>
    <ClInclude Include="core\cpu\cpu_reduce_row_sum.h">
      <Filter>core\cpu</Filter>
    </ClInclude>
    <ClInclude Include="core\cpu\cpu_transpose.h">
      <Filter>core\cpu</Filter>
    </ClInclude>
    <ClInclude Include="core\cpu\cpu_border_replicte.h">
      <Filter>core\cpu</Filter>
    </ClInclude>
    <ClInclude Include="core\cpu\kernel\kernel_border_replicte.h">
      <Filter>core\cpu\kernel</Filter>
    </ClInclude>
    <ClInclude Include="core\cpu\cpu_border.h">
      <Filter>core\cpu</Filter>
    </ClInclude>
  </ItemGroup>
  <ItemGroup>
    <Text Include="ReadMe.txt" />
  </ItemGroup>
  <ItemGroup>
    <Filter Include="core">
      <UniqueIdentifier>{ed18c081-8b4b-4326-9733-52e0cba051a0}</UniqueIdentifier>
    </Filter>
    <Filter Include="ann">
      <UniqueIdentifier>{52158753-8cb9-4428-b271-f29c8170bf5b}</UniqueIdentifier>
    </Filter>
    <Filter Include="image">
      <UniqueIdentifier>{94082df3-40ac-4094-887e-6d473e601f85}</UniqueIdentifier>
    </Filter>
    <Filter Include="core\cpu">
      <UniqueIdentifier>{9a055627-2e6e-4f26-80aa-b57cb55c9493}</UniqueIdentifier>
    </Filter>
    <Filter Include="core\cpu\kernel">
      <UniqueIdentifier>{095edecf-007a-4226-9e3c-49bc1b0f1b08}</UniqueIdentifier>
    </Filter>
  </ItemGroup>
</Project>