<?xml version="1.0" encoding="utf-8"?>
<Project ToolsVersion="4.0" xmlns="http://schemas.microsoft.com/developer/msbuild/2003">
  <ItemGroup>
    <ClCompile Include="CVE.cpp" />
    <ClCompile Include="stdafx.cpp" />
  </ItemGroup>
  <ItemGroup>
    <ClInclude Include="stdafx.h" />
    <ClInclude Include="targetver.h" />
    <ClInclude Include="core\aligned_allocator.h">
      <Filter>core</Filter>
    </ClInclude>
    <ClInclude Include="core\allocator.h">
      <Filter>core</Filter>
    </ClInclude>
    <ClInclude Include="core\definition.h">
      <Filter>core</Filter>
    </ClInclude>
    <ClInclude Include="core\error.h">
      <Filter>core</Filter>
    </ClInclude>
    <ClInclude Include="core\rb_tree.h">
      <Filter>core</Filter>
    </ClInclude>
    <ClInclude Include="core\tree.h">
      <Filter>core</Filter>
    </ClInclude>
    <ClInclude Include="core\sample_allocator.h">
      <Filter>core</Filter>
    </ClInclude>
    <ClInclude Include="core\scalar.h">
      <Filter>core</Filter>
    </ClInclude>
    <ClInclude Include="core\uninitialized.h">
      <Filter>core</Filter>
    </ClInclude>
    <ClInclude Include="core\vector.h">
      <Filter>core</Filter>
    </ClInclude>
    <ClInclude Include="core\matrix.h">
      <Filter>core</Filter>
    </ClInclude>
    <ClInclude Include="core\tensor.h">
      <Filter>core</Filter>
    </ClInclude>
    <ClInclude Include="core\cpu\kernel\kernel_transpose.h">
      <Filter>core\cpu\kernel</Filter>
    </ClInclude>
    <ClInclude Include="ann\sample_base.h">
      <Filter>ann</Filter>
    </ClInclude>
    <ClInclude Include="ann\mnist_data.h">
      <Filter>ann</Filter>
    </ClInclude>
    <ClInclude Include="ann\mnist.h">
      <Filter>ann</Filter>
    </ClInclude>
    <ClInclude Include="image\bitmap.h">
      <Filter>image</Filter>
    </ClInclude>
    <ClInclude Include="core\cpu\cpu_convert.h">
      <Filter>core\cpu</Filter>
    </ClInclude>
    <ClInclude Include="core\cpu\cpu_get_element.h">
      <Filter>core\cpu</Filter>
    </ClInclude>
    <ClInclude Include="core\cpu\cpu_reduce.h">
      <Filter>core\cpu</Filter>
    </ClInclude>
    <ClInclude Include="core\cpu\cpu_transpose.h">
      <Filter>core\cpu</Filter>
    </ClInclude>
    <ClInclude Include="core\cpu\cpu_border.h">
      <Filter>core\cpu</Filter>
    </ClInclude>
    <ClInclude Include="core\cpu\kernel\kernel_mapping.h">
      <Filter>core\cpu\kernel</Filter>
    </ClInclude>
    <ClInclude Include="core\cpu\cpu_mapping.h">
      <Filter>core\cpu</Filter>
    </ClInclude>
    <ClInclude Include="core\cpu\kernel\kernel_sliding_window.h">
      <Filter>core\cpu\kernel</Filter>
    </ClInclude>
    <ClInclude Include="core\cpu\cpu_sliding_window.h">
      <Filter>core\cpu</Filter>
    </ClInclude>
    <ClInclude Include="ann\linear_layer.h">
      <Filter>ann</Filter>
    </ClInclude>
    <ClInclude Include="ann\layer_base.h">
      <Filter>ann</Filter>
    </ClInclude>
    <ClInclude Include="ann\conv_layer.h">
      <Filter>ann</Filter>
    </ClInclude>
    <ClInclude Include="core\core.h">
      <Filter>core</Filter>
    </ClInclude>
    <ClInclude Include="core\cpu\cpu_inst.h">
      <Filter>core\cpu</Filter>
    </ClInclude>
    <ClInclude Include="ann\sigmoid_layer.h">
      <Filter>ann</Filter>
    </ClInclude>
    <ClInclude Include="ann\softmax_layer.h">
      <Filter>ann</Filter>
    </ClInclude>
    <ClInclude Include="core\cpu\cpu_replicate.h">
      <Filter>core\cpu</Filter>
    </ClInclude>
    <ClInclude Include="core\cpu\kernel\kernel_replicate.h">
      <Filter>core\cpu\kernel</Filter>
    </ClInclude>
    <ClInclude Include="core\cpu\cpu_matmul.h">
      <Filter>core\cpu</Filter>
    </ClInclude>
    <ClInclude Include="core\cpu\cpu_arithmetic.h">
      <Filter>core\cpu</Filter>
    </ClInclude>
    <ClInclude Include="core\cpu\kernel\border\kernel_border_reflect.h">
      <Filter>core\cpu\kernel\border</Filter>
    </ClInclude>
    <ClInclude Include="core\cpu\kernel\border\kernel_border_reflect101.h">
      <Filter>core\cpu\kernel\border</Filter>
    </ClInclude>
    <ClInclude Include="core\cpu\kernel\border\kernel_border_replicate.h">
      <Filter>core\cpu\kernel\border</Filter>
    </ClInclude>
    <ClInclude Include="core\cpu\kernel\border\kernel_border_wrap.h">
      <Filter>core\cpu\kernel\border</Filter>
    </ClInclude>
    <ClInclude Include="core\cpu\kernel\arithmetic\kernel_arithmetic_add.h">
      <Filter>core\cpu\kernel\arithmetic</Filter>
    </ClInclude>
    <ClInclude Include="core\cpu\kernel\arithmetic\kernel_arithmetic_adds.h">
      <Filter>core\cpu\kernel\arithmetic</Filter>
    </ClInclude>
    <ClInclude Include="core\cpu\kernel\arithmetic\kernel_arithmetic_div.h">
      <Filter>core\cpu\kernel\arithmetic</Filter>
    </ClInclude>
    <ClInclude Include="core\cpu\kernel\arithmetic\kernel_arithmetic_mul.h">
      <Filter>core\cpu\kernel\arithmetic</Filter>
    </ClInclude>
    <ClInclude Include="core\cpu\kernel\arithmetic\kernel_arithmetic_sub.h">
      <Filter>core\cpu\kernel\arithmetic</Filter>
    </ClInclude>
    <ClInclude Include="core\cpu\kernel\convert\kernel_convert_double.h">
      <Filter>core\cpu\kernel\convert</Filter>
    </ClInclude>
    <ClInclude Include="core\cpu\kernel\convert\kernel_convert_float.h">
      <Filter>core\cpu\kernel\convert</Filter>
    </ClInclude>
    <ClInclude Include="core\cpu\kernel\convert\kernel_convert_int8.h">
      <Filter>core\cpu\kernel\convert</Filter>
    </ClInclude>
    <ClInclude Include="core\cpu\kernel\convert\kernel_convert_int16.h">
      <Filter>core\cpu\kernel\convert</Filter>
    </ClInclude>
    <ClInclude Include="core\cpu\kernel\convert\kernel_convert_int32.h">
      <Filter>core\cpu\kernel\convert</Filter>
    </ClInclude>
    <ClInclude Include="core\cpu\kernel\convert\kernel_convert_uint8.h">
      <Filter>core\cpu\kernel\convert</Filter>
    </ClInclude>
    <ClInclude Include="core\cpu\kernel\convert\kernel_convert_uint16.h">
      <Filter>core\cpu\kernel\convert</Filter>
    </ClInclude>
    <ClInclude Include="core\cpu\kernel\convert\kernel_convert_uint32.h">
      <Filter>core\cpu\kernel\convert</Filter>
    </ClInclude>
    <ClInclude Include="core\cpu\arithmetic\cpu_arithmetic_add.h">
      <Filter>core\cpu\arithmetic</Filter>
    </ClInclude>
    <ClInclude Include="core\cpu\arithmetic\cpu_arithmetic_adds.h">
      <Filter>core\cpu\arithmetic</Filter>
    </ClInclude>
    <ClInclude Include="core\cpu\arithmetic\cpu_arithmetic_div.h">
      <Filter>core\cpu\arithmetic</Filter>
    </ClInclude>
    <ClInclude Include="core\cpu\arithmetic\cpu_arithmetic_mul.h">
      <Filter>core\cpu\arithmetic</Filter>
    </ClInclude>
    <ClInclude Include="core\cpu\arithmetic\cpu_arithmetic_sub.h">
      <Filter>core\cpu\arithmetic</Filter>
    </ClInclude>
    <ClInclude Include="core\cpu\convert\cpu_convert_double.h">
      <Filter>core\cpu\convert</Filter>
    </ClInclude>
    <ClInclude Include="core\cpu\convert\cpu_convert_float.h">
      <Filter>core\cpu\convert</Filter>
    </ClInclude>
    <ClInclude Include="core\cpu\convert\cpu_convert_int8.h">
      <Filter>core\cpu\convert</Filter>
    </ClInclude>
    <ClInclude Include="core\cpu\convert\cpu_convert_int16.h">
      <Filter>core\cpu\convert</Filter>
    </ClInclude>
    <ClInclude Include="core\cpu\convert\cpu_convert_int32.h">
      <Filter>core\cpu\convert</Filter>
    </ClInclude>
    <ClInclude Include="core\cpu\convert\cpu_convert_uint8.h">
      <Filter>core\cpu\convert</Filter>
    </ClInclude>
    <ClInclude Include="core\cpu\convert\cpu_convert_uint16.h">
      <Filter>core\cpu\convert</Filter>
    </ClInclude>
    <ClInclude Include="core\cpu\convert\cpu_convert_uint32.h">
      <Filter>core\cpu\convert</Filter>
    </ClInclude>
    <ClInclude Include="core\cpu\kernel\arithmetic\kernel_arithmetic_exp.h">
      <Filter>core\cpu\kernel\arithmetic</Filter>
    </ClInclude>
    <ClInclude Include="core\cpu\kernel\arithmetic\kernel_arithmetic_math.h">
      <Filter>core\cpu\kernel\arithmetic</Filter>
    </ClInclude>
    <ClInclude Include="core\cpu\kernel\arithmetic\kernel_arithmetic_sigmoid.h">
      <Filter>core\cpu\kernel\arithmetic</Filter>
    </ClInclude>
    <ClInclude Include="core\cpu\kernel\arithmetic\kernel_arithmetic_sigmoid_derivative.h">
      <Filter>core\cpu\kernel\arithmetic</Filter>
    </ClInclude>
    <ClInclude Include="core\cpu\arithmetic\cpu_arithmetic_exp.h">
      <Filter>core\cpu\arithmetic</Filter>
    </ClInclude>
    <ClInclude Include="core\cpu\arithmetic\cpu_arithmetic_sigmoid.h">
      <Filter>core\cpu\arithmetic</Filter>
    </ClInclude>
    <ClInclude Include="core\cpu\arithmetic\cpu_arithmetic_sigmoid_derivative.h">
      <Filter>core\cpu\arithmetic</Filter>
    </ClInclude>
    <ClInclude Include="core\cpu\kernel\matmul\kernel_matmul_cvrv.h">
      <Filter>core\cpu\kernel\matmul</Filter>
    </ClInclude>
    <ClInclude Include="core\cpu\kernel\matmul\kernel_matmul_rmcm.h">
      <Filter>core\cpu\kernel\matmul</Filter>
    </ClInclude>
    <ClInclude Include="core\cpu\kernel\matmul\kernel_matmul_rmcv.h">
      <Filter>core\cpu\kernel\matmul</Filter>
    </ClInclude>
    <ClInclude Include="core\cpu\kernel\matmul\kernel_matmul_rmrm.h">
      <Filter>core\cpu\kernel\matmul</Filter>
    </ClInclude>
    <ClInclude Include="core\cpu\kernel\matmul\kernel_matmul_rmrm00.h">
      <Filter>core\cpu\kernel\matmul</Filter>
    </ClInclude>
    <ClInclude Include="core\cpu\kernel\matmul\kernel_matmul_rmrm01.h">
      <Filter>core\cpu\kernel\matmul</Filter>
    </ClInclude>
    <ClInclude Include="core\cpu\kernel\matmul\kernel_matmul_rmrm10.h">
      <Filter>core\cpu\kernel\matmul</Filter>
    </ClInclude>
    <ClInclude Include="core\cpu\kernel\matmul\kernel_matmul_rmrm11.h">
      <Filter>core\cpu\kernel\matmul</Filter>
    </ClInclude>
    <ClInclude Include="core\cpu\kernel\matmul\kernel_matmul_rvcm.h">
      <Filter>core\cpu\kernel\matmul</Filter>
    </ClInclude>
    <ClInclude Include="core\cpu\kernel\matmul\kernel_matmul_rvrm.h">
      <Filter>core\cpu\kernel\matmul</Filter>
    </ClInclude>
    <ClInclude Include="core\cpu\matmul\cpu_matmul_cvrv.h">
      <Filter>core\cpu\matmul</Filter>
    </ClInclude>
    <ClInclude Include="core\cpu\matmul\cpu_matmul_rmcm.h">
      <Filter>core\cpu\matmul</Filter>
    </ClInclude>
    <ClInclude Include="core\cpu\matmul\cpu_matmul_rmcv.h">
      <Filter>core\cpu\matmul</Filter>
    </ClInclude>
    <ClInclude Include="core\cpu\matmul\cpu_matmul_rmrm.h">
      <Filter>core\cpu\matmul</Filter>
    </ClInclude>
    <ClInclude Include="core\cpu\matmul\cpu_matmul_rvcm.h">
      <Filter>core\cpu\matmul</Filter>
    </ClInclude>
    <ClInclude Include="core\cpu\matmul\cpu_matmul_rvrm.h">
      <Filter>core\cpu\matmul</Filter>
    </ClInclude>
    <ClInclude Include="core\cpu\kernel\arithmetic\kernel_arithmetic_subs.h">
      <Filter>core\cpu\kernel\arithmetic</Filter>
    </ClInclude>
    <ClInclude Include="core\cpu\arithmetic\cpu_arithmetic_subs.h">
      <Filter>core\cpu\arithmetic</Filter>
    </ClInclude>
    <ClInclude Include="core\cpu\logic\cpu_logic_and.h">
      <Filter>core\cpu\logic</Filter>
    </ClInclude>
    <ClInclude Include="core\cpu\logic\cpu_logic_or.h">
      <Filter>core\cpu\logic</Filter>
    </ClInclude>
    <ClInclude Include="core\cpu\logic\cpu_logic_xor.h">
      <Filter>core\cpu\logic</Filter>
    </ClInclude>
    <ClInclude Include="core\cpu\cpu_logic.h">
      <Filter>core\cpu</Filter>
    </ClInclude>
    <ClInclude Include="core\cpu\kernel\arithmetic\kernel_arithmetic_add_value.h">
      <Filter>core\cpu\kernel\arithmetic</Filter>
    </ClInclude>
    <ClInclude Include="core\cpu\kernel\arithmetic\kernel_arithmetic_sub_value.h">
      <Filter>core\cpu\kernel\arithmetic</Filter>
    </ClInclude>
    <ClInclude Include="core\cpu\kernel\arithmetic\kernel_arithmetic_adds_value.h">
      <Filter>core\cpu\kernel\arithmetic</Filter>
    </ClInclude>
    <ClInclude Include="core\cpu\kernel\arithmetic\kernel_arithmetic_subs_value.h">
      <Filter>core\cpu\kernel\arithmetic</Filter>
    </ClInclude>
    <ClInclude Include="core\cpu\kernel\arithmetic\kernel_arithmetic_mul_value.h">
      <Filter>core\cpu\kernel\arithmetic</Filter>
    </ClInclude>
    <ClInclude Include="core\cpu\kernel\arithmetic\kernel_arithmetic_div_value.h">
      <Filter>core\cpu\kernel\arithmetic</Filter>
    </ClInclude>
    <ClInclude Include="core\cpu\kernel\arithmetic\kernel_arithmetic_madd.h">
      <Filter>core\cpu\kernel\arithmetic</Filter>
    </ClInclude>
    <ClInclude Include="core\cpu\kernel\arithmetic\kernel_arithmetic_msub.h">
      <Filter>core\cpu\kernel\arithmetic</Filter>
    </ClInclude>
    <ClInclude Include="core\cpu\kernel\arithmetic\kernel_arithmetic_madd_value.h">
      <Filter>core\cpu\kernel\arithmetic</Filter>
    </ClInclude>
    <ClInclude Include="core\cpu\kernel\arithmetic\kernel_arithmetic_msub_value.h">
      <Filter>core\cpu\kernel\arithmetic</Filter>
    </ClInclude>
    <ClInclude Include="core\cpu\arithmetic\cpu_arithmetic_madd.h">
      <Filter>core\cpu\arithmetic</Filter>
    </ClInclude>
    <ClInclude Include="core\cpu\arithmetic\cpu_arithmetic_msub.h">
      <Filter>core\cpu\arithmetic</Filter>
    </ClInclude>
    <ClInclude Include="core\cpu\kernel\logic\kernel_logic_and.h">
      <Filter>core\cpu\kernel\logic</Filter>
    </ClInclude>
    <ClInclude Include="core\cpu\kernel\logic\kernel_logic_and_value.h">
      <Filter>core\cpu\kernel\logic</Filter>
    </ClInclude>
    <ClInclude Include="core\cpu\kernel\logic\kernel_logic_or.h">
      <Filter>core\cpu\kernel\logic</Filter>
    </ClInclude>
    <ClInclude Include="core\cpu\kernel\logic\kernel_logic_or_value.h">
      <Filter>core\cpu\kernel\logic</Filter>
    </ClInclude>
    <ClInclude Include="core\cpu\kernel\logic\kernel_logic_xor.h">
      <Filter>core\cpu\kernel\logic</Filter>
    </ClInclude>
    <ClInclude Include="core\cpu\kernel\logic\kernel_logic_xor_value.h">
      <Filter>core\cpu\kernel\logic</Filter>
    </ClInclude>
    <ClInclude Include="core\cpu\kernel\convert\kernel_cvtmul_float.h">
      <Filter>core\cpu\kernel\convert</Filter>
    </ClInclude>
    <ClInclude Include="core\cpu\kernel\convert\kernel_cvtmul_double.h">
      <Filter>core\cpu\kernel\convert</Filter>
    </ClInclude>
    <ClInclude Include="core\cpu\cpu_cvtmul.h">
      <Filter>core\cpu</Filter>
    </ClInclude>
    <ClInclude Include="core\cpu\convert\cpu_cvtmul_double.h">
      <Filter>core\cpu\convert</Filter>
    </ClInclude>
    <ClInclude Include="core\cpu\convert\cpu_cvtmul_float.h">
      <Filter>core\cpu\convert</Filter>
    </ClInclude>
    <ClInclude Include="core\cpu\kernel\convert\kernel_cvtmadd_float.h">
      <Filter>core\cpu\kernel\convert</Filter>
    </ClInclude>
    <ClInclude Include="core\cpu\kernel\convert\kernel_cvtmadd_double.h">
      <Filter>core\cpu\kernel\convert</Filter>
    </ClInclude>
    <ClInclude Include="core\cpu\kernel\onehot\kernel_onehot_sub.h">
      <Filter>core\cpu\kernel\onehot</Filter>
    </ClInclude>
    <ClInclude Include="core\cpu\onehot\cpu_onehot_sub.h">
      <Filter>core\cpu\onehot</Filter>
    </ClInclude>
    <ClInclude Include="core\cpu\cpu_onehot.h">
      <Filter>core\cpu</Filter>
    </ClInclude>
    <ClInclude Include="ann\sample_set.h">
      <Filter>ann</Filter>
    </ClInclude>
    <ClInclude Include="core\cpu\kernel\convert\kernel_cvtmul_int32.h">
      <Filter>core\cpu\kernel\convert</Filter>
    </ClInclude>
    <ClInclude Include="core\cpu\kernel\convert\kernel_cvtmul_uint32.h">
      <Filter>core\cpu\kernel\convert</Filter>
    </ClInclude>
    <ClInclude Include="core\cpu\convert\cpu_cvtmul_int32.h">
      <Filter>core\cpu\convert</Filter>
    </ClInclude>
    <ClInclude Include="core\cpu\convert\cpu_cvtmul_uint32.h">
      <Filter>core\cpu\convert</Filter>
    </ClInclude>
    <ClInclude Include="core\cpu\reduce\cpu_reduce_col_max.h">
      <Filter>core\cpu\reduce</Filter>
    </ClInclude>
    <ClInclude Include="core\cpu\reduce\cpu_reduce_col_min.h">
      <Filter>core\cpu\reduce</Filter>
    </ClInclude>
    <ClInclude Include="core\cpu\reduce\cpu_reduce_row_max.h">
      <Filter>core\cpu\reduce</Filter>
    </ClInclude>
    <ClInclude Include="core\cpu\reduce\cpu_reduce_row_min.h">
      <Filter>core\cpu\reduce</Filter>
    </ClInclude>
    <ClInclude Include="core\cpu\kernel\reduce\rows_reduce_sum_int32.h">
      <Filter>core\cpu\kernel\reduce</Filter>
    </ClInclude>
    <ClInclude Include="core\cpu\kernel\reduce\common_reduce_sum_int32.h">
      <Filter>core\cpu\kernel\reduce</Filter>
    </ClInclude>
    <ClInclude Include="core\cpu\kernel\reduce\rows_reduce_sum_float.h">
      <Filter>core\cpu\kernel\reduce</Filter>
    </ClInclude>
    <ClInclude Include="core\cpu\kernel\reduce\rows_reduce_sum_double.h">
      <Filter>core\cpu\kernel\reduce</Filter>
    </ClInclude>
    <ClInclude Include="core\cpu\kernel\reduce\common_reduce_sum_double.h">
      <Filter>core\cpu\kernel\reduce</Filter>
    </ClInclude>
    <ClInclude Include="core\cpu\kernel\reduce\common_reduce_sum_float.h">
      <Filter>core\cpu\kernel\reduce</Filter>
    </ClInclude>
    <ClInclude Include="core\cpu\kernel\reduce\block_reduce_sum_int32.h">
      <Filter>core\cpu\kernel\reduce</Filter>
    </ClInclude>
    <ClInclude Include="core\cpu\kernel\reduce\block_reduce_sum_float.h">
      <Filter>core\cpu\kernel\reduce</Filter>
    </ClInclude>
    <ClInclude Include="core\cpu\kernel\reduce\block_reduce_sum_double.h">
      <Filter>core\cpu\kernel\reduce</Filter>
    </ClInclude>
    <ClInclude Include="core\cpu\reduce\cpu_reduce_sum_x_int32.h">
      <Filter>core\cpu\reduce</Filter>
    </ClInclude>
    <ClInclude Include="core\cpu\reduce\cpu_reduce_sum_x_float.h">
      <Filter>core\cpu\reduce</Filter>
    </ClInclude>
    <ClInclude Include="core\cpu\reduce\cpu_reduce_sum_x_double.h">
      <Filter>core\cpu\reduce</Filter>
    </ClInclude>
    <ClInclude Include="core\cpu\reduce\cpu_reduce_sum_xy_int32.h">
      <Filter>core\cpu\reduce</Filter>
    </ClInclude>
    <ClInclude Include="core\cpu\reduce\cpu_reduce_sum_xy_float.h">
      <Filter>core\cpu\reduce</Filter>
    </ClInclude>
    <ClInclude Include="core\cpu\reduce\cpu_reduce_sum_xy_double.h">
      <Filter>core\cpu\reduce</Filter>
    </ClInclude>
    <ClInclude Include="core\cpu\reduce\cpu_reduce_sum_xyz_int32.h">
      <Filter>core\cpu\reduce</Filter>
    </ClInclude>
    <ClInclude Include="core\cpu\reduce\cpu_reduce_sum_xyz_float.h">
      <Filter>core\cpu\reduce</Filter>
    </ClInclude>
    <ClInclude Include="core\cpu\reduce\cpu_reduce_sum_xyz_double.h">
      <Filter>core\cpu\reduce</Filter>
    </ClInclude>
    <ClInclude Include="core\cpu\kernel\reduce\common_reduce_sumt_int32.h">
      <Filter>core\cpu\kernel\reduce</Filter>
    </ClInclude>
    <ClInclude Include="core\cpu\kernel\reduce\common_reduce_sumt_double.h">
      <Filter>core\cpu\kernel\reduce</Filter>
    </ClInclude>
    <ClInclude Include="core\cpu\kernel\reduce\common_reduce_sumt_float.h">
      <Filter>core\cpu\kernel\reduce</Filter>
    </ClInclude>
    <ClInclude Include="core\cpu\kernel\reduce\block_reduce_sumt_int32.h">
      <Filter>core\cpu\kernel\reduce</Filter>
    </ClInclude>
    <ClInclude Include="core\cpu\kernel\reduce\block_reduce_sumt_float.h">
      <Filter>core\cpu\kernel\reduce</Filter>
    </ClInclude>
    <ClInclude Include="core\cpu\kernel\reduce\block_reduce_sumt_double.h">
      <Filter>core\cpu\kernel\reduce</Filter>
    </ClInclude>
    <ClInclude Include="core\cpu\kernel\reduce\rows_reduce_sumt_int32.h">
      <Filter>core\cpu\kernel\reduce</Filter>
    </ClInclude>
    <ClInclude Include="core\cpu\kernel\reduce\rows_reduce_sumt_float.h">
      <Filter>core\cpu\kernel\reduce</Filter>
    </ClInclude>
    <ClInclude Include="core\cpu\kernel\reduce\rows_reduce_sumt_double.h">
      <Filter>core\cpu\kernel\reduce</Filter>
    </ClInclude>
    <ClInclude Include="core\cpu\kernel\reduce\kernel_reduce_sum_int32.h">
      <Filter>core\cpu\kernel\reduce</Filter>
    </ClInclude>
    <ClInclude Include="core\cpu\kernel\reduce\kernel_reduce_sum_double.h">
      <Filter>core\cpu\kernel\reduce</Filter>
    </ClInclude>
    <ClInclude Include="core\cpu\kernel\reduce\kernel_reduce_sum_float.h">
      <Filter>core\cpu\kernel\reduce</Filter>
    </ClInclude>
    <ClInclude Include="core\cpu\reduce\cpu_reduce_sum_y_int32.h">
      <Filter>core\cpu\reduce</Filter>
    </ClInclude>
    <ClInclude Include="core\cpu\reduce\cpu_reduce_sum_y_float.h">
      <Filter>core\cpu\reduce</Filter>
    </ClInclude>
    <ClInclude Include="core\cpu\reduce\cpu_reduce_sum_y_double.h">
      <Filter>core\cpu\reduce</Filter>
    </ClInclude>
    <ClInclude Include="core\cpu\kernel\reduce\kernel_reduce_col_max.h">
      <Filter>core\cpu\kernel\reduce</Filter>
    </ClInclude>
    <ClInclude Include="core\cpu\kernel\reduce\kernel_reduce_col_min.h">
      <Filter>core\cpu\kernel\reduce</Filter>
    </ClInclude>
    <ClInclude Include="core\cpu\kernel\reduce\kernel_reduce_row_max.h">
      <Filter>core\cpu\kernel\reduce</Filter>
    </ClInclude>
    <ClInclude Include="core\cpu\kernel\reduce\kernel_reduce_row_min.h">
      <Filter>core\cpu\kernel\reduce</Filter>
    </ClInclude>
    <ClInclude Include="core\cpu\reduce\cpu_reduce_sum_z_double.h">
      <Filter>core\cpu\reduce</Filter>
    </ClInclude>
    <ClInclude Include="core\cpu\reduce\cpu_reduce_sum_z_float.h">
      <Filter>core\cpu\reduce</Filter>
    </ClInclude>
    <ClInclude Include="core\cpu\reduce\cpu_reduce_sum_z_int32.h">
      <Filter>core\cpu\reduce</Filter>
    </ClInclude>
    <ClInclude Include="core\cpu\reduce\cpu_reduce_sum_yz_double.h">
      <Filter>core\cpu\reduce</Filter>
    </ClInclude>
    <ClInclude Include="core\cpu\reduce\cpu_reduce_sum_yz_float.h">
      <Filter>core\cpu\reduce</Filter>
    </ClInclude>
    <ClInclude Include="core\cpu\cpu_reduce_sum.h">
      <Filter>core\cpu</Filter>
    </ClInclude>
    <ClInclude Include="core\cpu\cpu_reduce_mean.h">
      <Filter>core\cpu</Filter>
    </ClInclude>
    <ClInclude Include="core\cpu\kernel\gemm\block_gemm_float.h">
      <Filter>core\cpu\kernel\gemm</Filter>
    </ClInclude>
    <ClInclude Include="core\cpu\kernel\gemm\block_gemm_double.h">
      <Filter>core\cpu\kernel\gemm</Filter>
    </ClInclude>
    <ClInclude Include="core\cpu\kernel\gemm\columns_gemm_float.h">
      <Filter>core\cpu\kernel\gemm</Filter>
    </ClInclude>
    <ClInclude Include="core\cpu\kernel\gemm\columns_gemm_double.h">
      <Filter>core\cpu\kernel\gemm</Filter>
    </ClInclude>
    <ClInclude Include="core\cpu\kernel\gemm\rows_gemm_float.h">
      <Filter>core\cpu\kernel\gemm</Filter>
    </ClInclude>
    <ClInclude Include="core\cpu\kernel\gemm\rows_gemm_double.h">
      <Filter>core\cpu\kernel\gemm</Filter>
    </ClInclude>
    <ClInclude Include="core\cpu\kernel\gemm\rect_gemm_float.h">
      <Filter>core\cpu\kernel\gemm</Filter>
    </ClInclude>
    <ClInclude Include="core\cpu\kernel\gemm\rect_gemm_double.h">
      <Filter>core\cpu\kernel\gemm</Filter>
    </ClInclude>
    <ClInclude Include="core\cpu\kernel\gemm\kernel_gemm_float.h">
      <Filter>core\cpu\kernel\gemm</Filter>
    </ClInclude>
    <ClInclude Include="core\cpu\kernel\gemm\kernel_gemm_double.h">
      <Filter>core\cpu\kernel\gemm</Filter>
    </ClInclude>
    <ClInclude Include="core\cpu\gemm\cpu_addmm.h">
      <Filter>core\cpu\gemm</Filter>
    </ClInclude>
    <ClInclude Include="core\cpu\gemm\cpu_addmmt.h">
      <Filter>core\cpu\gemm</Filter>
    </ClInclude>
    <ClInclude Include="core\cpu\cpu_gemm.h">
      <Filter>core\cpu</Filter>
    </ClInclude>
    <ClInclude Include="core\cpu\kernel\gevm\block_gevm_float.h">
      <Filter>core\cpu\kernel\gevm</Filter>
    </ClInclude>
    <ClInclude Include="core\cpu\kernel\gevm\block_gevm_double.h">
      <Filter>core\cpu\kernel\gevm</Filter>
    </ClInclude>
    <ClInclude Include="core\cpu\kernel\gemm\block_gemmt_double.h">
      <Filter>core\cpu\kernel\gemm</Filter>
    </ClInclude>
    <ClInclude Include="core\cpu\kernel\gemm\block_gemmt_float.h">
      <Filter>core\cpu\kernel\gemm</Filter>
    </ClInclude>
    <ClInclude Include="core\cpu\kernel\gemm\columns_gemmt_double.h">
      <Filter>core\cpu\kernel\gemm</Filter>
    </ClInclude>
    <ClInclude Include="core\cpu\kernel\gemm\columns_gemmt_float.h">
      <Filter>core\cpu\kernel\gemm</Filter>
    </ClInclude>
    <ClInclude Include="core\cpu\kernel\gemm\kernel_gemmt_double.h">
      <Filter>core\cpu\kernel\gemm</Filter>
    </ClInclude>
    <ClInclude Include="core\cpu\kernel\gemm\kernel_gemmt_float.h">
      <Filter>core\cpu\kernel\gemm</Filter>
    </ClInclude>
    <ClInclude Include="core\cpu\kernel\gemm\rect_gemmt_double.h">
      <Filter>core\cpu\kernel\gemm</Filter>
    </ClInclude>
    <ClInclude Include="core\cpu\kernel\gemm\rect_gemmt_float.h">
      <Filter>core\cpu\kernel\gemm</Filter>
    </ClInclude>
    <ClInclude Include="core\cpu\kernel\gemm\rows_gemmt_double.h">
      <Filter>core\cpu\kernel\gemm</Filter>
    </ClInclude>
    <ClInclude Include="core\cpu\kernel\gemm\rows_gemmt_float.h">
      <Filter>core\cpu\kernel\gemm</Filter>
    </ClInclude>
    <ClInclude Include="core\cpu\kernel\gevm\rows_gevm_float.h">
      <Filter>core\cpu\kernel\gevm</Filter>
    </ClInclude>
    <ClInclude Include="core\cpu\kernel\gevm\rows_gevm_double.h">
      <Filter>core\cpu\kernel\gevm</Filter>
    </ClInclude>
    <ClInclude Include="core\cpu\kernel\gevm\kernel_gevm_float.h">
      <Filter>core\cpu\kernel\gevm</Filter>
    </ClInclude>
    <ClInclude Include="core\cpu\kernel\gevm\kernel_gevm_double.h">
      <Filter>core\cpu\kernel\gevm</Filter>
    </ClInclude>
    <ClInclude Include="core\cpu\gevm\cpu_addvm.h">
      <Filter>core\cpu\gevm</Filter>
    </ClInclude>
    <ClInclude Include="core\cpu\cpu_gevm.h">
      <Filter>core\cpu</Filter>
    </ClInclude>
    <ClInclude Include="core\cpu\kernel\gevm\block_gevmt_double.h">
      <Filter>core\cpu\kernel\gevm</Filter>
    </ClInclude>
    <ClInclude Include="core\cpu\kernel\gevm\block_gevmt_float.h">
      <Filter>core\cpu\kernel\gevm</Filter>
    </ClInclude>
    <ClInclude Include="core\cpu\kernel\gevm\rows_gevmt_double.h">
      <Filter>core\cpu\kernel\gevm</Filter>
    </ClInclude>
    <ClInclude Include="core\cpu\kernel\gevm\rows_gevmt_float.h">
      <Filter>core\cpu\kernel\gevm</Filter>
    </ClInclude>
    <ClInclude Include="core\cpu\kernel\gevm\kernel_gevmt_double.h">
      <Filter>core\cpu\kernel\gevm</Filter>
    </ClInclude>
    <ClInclude Include="core\cpu\kernel\gevm\kernel_gevmt_float.h">
      <Filter>core\cpu\kernel\gevm</Filter>
    </ClInclude>
    <ClInclude Include="core\cpu\gevm\cpu_addvmt.h">
      <Filter>core\cpu\gevm</Filter>
    </ClInclude>
  </ItemGroup>
  <ItemGroup>
    <Text Include="ReadMe.txt" />
  </ItemGroup>
  <ItemGroup>
    <Filter Include="core">
      <UniqueIdentifier>{ed18c081-8b4b-4326-9733-52e0cba051a0}</UniqueIdentifier>
    </Filter>
    <Filter Include="ann">
      <UniqueIdentifier>{52158753-8cb9-4428-b271-f29c8170bf5b}</UniqueIdentifier>
    </Filter>
    <Filter Include="image">
      <UniqueIdentifier>{94082df3-40ac-4094-887e-6d473e601f85}</UniqueIdentifier>
    </Filter>
    <Filter Include="core\cpu">
      <UniqueIdentifier>{9a055627-2e6e-4f26-80aa-b57cb55c9493}</UniqueIdentifier>
    </Filter>
    <Filter Include="core\cpu\kernel">
      <UniqueIdentifier>{095edecf-007a-4226-9e3c-49bc1b0f1b08}</UniqueIdentifier>
    </Filter>
    <Filter Include="core\cpu\kernel\arithmetic">
      <UniqueIdentifier>{ce3a5bb7-ac5f-4550-914b-e8765560258c}</UniqueIdentifier>
    </Filter>
    <Filter Include="core\cpu\arithmetic">
      <UniqueIdentifier>{ab07f099-e22f-4733-8f94-a555a3530ff0}</UniqueIdentifier>
    </Filter>
    <Filter Include="core\cpu\kernel\border">
      <UniqueIdentifier>{71222a0d-da9e-44ce-8557-9f078ea90686}</UniqueIdentifier>
    </Filter>
    <Filter Include="core\cpu\kernel\convert">
      <UniqueIdentifier>{09590bb2-e77a-4c44-bf02-0f62649b7e3b}</UniqueIdentifier>
    </Filter>
    <Filter Include="core\cpu\kernel\reduce">
      <UniqueIdentifier>{c8fac610-adb5-4246-8eeb-b5ffd9f12551}</UniqueIdentifier>
    </Filter>
    <Filter Include="core\cpu\convert">
      <UniqueIdentifier>{dffd8f1b-9b1c-4c87-b3ca-a93e664e294d}</UniqueIdentifier>
    </Filter>
    <Filter Include="core\cpu\reduce">
      <UniqueIdentifier>{97261d09-bc53-428f-afe2-7c8ed07945dc}</UniqueIdentifier>
    </Filter>
    <Filter Include="core\cpu\kernel\matmul">
      <UniqueIdentifier>{ccb7c80d-5536-414b-b592-d9b83ab907fe}</UniqueIdentifier>
    </Filter>
    <Filter Include="core\cpu\matmul">
      <UniqueIdentifier>{8d648244-8449-407c-955d-8a97ba03e50c}</UniqueIdentifier>
    </Filter>
    <Filter Include="core\cpu\kernel\logic">
      <UniqueIdentifier>{22a336f1-a6f5-4de0-a14a-eac14c41dc6a}</UniqueIdentifier>
    </Filter>
    <Filter Include="core\cpu\logic">
      <UniqueIdentifier>{31ce3469-d9c3-4ebc-8936-1a9080442d99}</UniqueIdentifier>
    </Filter>
    <Filter Include="core\cpu\kernel\onehot">
      <UniqueIdentifier>{8141d88d-4467-414a-9f5d-45c78a8ab6c8}</UniqueIdentifier>
    </Filter>
    <Filter Include="core\cpu\onehot">
      <UniqueIdentifier>{82532e68-5773-429a-881e-1b4af5dfcd10}</UniqueIdentifier>
    </Filter>
    <Filter Include="core\cpu\kernel\gemm">
      <UniqueIdentifier>{ab227c7c-7ad5-4db7-9af5-c9899920fb25}</UniqueIdentifier>
    </Filter>
    <Filter Include="core\cpu\gemm">
      <UniqueIdentifier>{14d5e361-5d25-409b-9317-e136127c25e0}</UniqueIdentifier>
    </Filter>
    <Filter Include="core\cpu\kernel\gevm">
      <UniqueIdentifier>{dbf996df-f209-4b98-ad3f-e0d53fb16b73}</UniqueIdentifier>
    </Filter>
    <Filter Include="core\cpu\gevm">
      <UniqueIdentifier>{407ddd30-5669-4322-a9df-9bd0abbd73e9}</UniqueIdentifier>
    </Filter>
  </ItemGroup>
  <ItemGroup>
    <None Include="core\cpu\reduce\cpu_reduce_sum_yz_int32.h">
      <Filter>core\cpu\reduce</Filter>
    </None>
  </ItemGroup>
</Project>